
Microsoft Visual Studio Solution File, Format Version 12.00
# Visual Studio 15
VisualStudioVersion = 15.0.26730.10
MinimumVisualStudioVersion = 10.0.40219.1
Project("{FAE04EC0-301F-11D3-BF4B-00C04F79EFBC}") = "ElasticSearchWebAppTest", "ElasticSearchWebAppTest\ElasticSearchWebAppTest.csproj", "{D028596A-5D69-403E-915E-03317CBF8E3F}"
EndProject
Global
	GlobalSection(SolutionConfigurationPlatforms) = preSolution
		Debug|Any CPU = Debug|Any CPU
		Release|Any CPU = Release|Any CPU
	EndGlobalSection
	GlobalSection(ProjectConfigurationPlatforms) = postSolution
		{D028596A-5D69-403E-915E-03317CBF8E3F}.Debug|Any CPU.ActiveCfg = Debug|Any CPU
		{D028596A-5D69-403E-915E-03317CBF8E3F}.Debug|Any CPU.Build.0 = Debug|Any CPU
		{D028596A-5D69-403E-915E-03317CBF8E3F}.Release|Any CPU.ActiveCfg = Release|Any CPU
		{D028596A-5D69-403E-915E-03317CBF8E3F}.Release|Any CPU.Build.0 = Release|Any CPU
	EndGlobalSection
	GlobalSection(SolutionProperties) = preSolution
		HideSolutionNode = FALSE
	EndGlobalSection
	GlobalSection(ExtensibilityGlobals) = postSolution
		SolutionGuid = {77CF40A7-AF67-447B-B883-08615DC7EB14}
	EndGlobalSection
EndGlobal
